
Microsoft Visual Studio Solution File, Format Version 12.00
# Visual Studio Version 17
VisualStudioVersion = 17.7.34031.279
MinimumVisualStudioVersion = 10.0.40219.1
Project("{FAE04EC0-301F-11D3-BF4B-00C04F79EFBC}") = "Homework9", "Homework9\Homework9.csproj", "{DCF770B6-AFC4-42DE-A6DB-93AEE009DAE3}"
EndProject
Global
	GlobalSection(SolutionConfigurationPlatforms) = preSolution
		Debug|Any CPU = Debug|Any CPU
		Release|Any CPU = Release|Any CPU
	EndGlobalSection
	GlobalSection(ProjectConfigurationPlatforms) = postSolution
		{DCF770B6-AFC4-42DE-A6DB-93AEE009DAE3}.Debug|Any CPU.ActiveCfg = Debug|Any CPU
		{DCF770B6-AFC4-42DE-A6DB-93AEE009DAE3}.Debug|Any CPU.Build.0 = Debug|Any CPU
		{DCF770B6-AFC4-42DE-A6DB-93AEE009DAE3}.Release|Any CPU.ActiveCfg = Release|Any CPU
		{DCF770B6-AFC4-42DE-A6DB-93AEE009DAE3}.Release|Any CPU.Build.0 = Release|Any CPU
	EndGlobalSection
	GlobalSection(SolutionProperties) = preSolution
		HideSolutionNode = FALSE
	EndGlobalSection
	GlobalSection(ExtensibilityGlobals) = postSolution
		SolutionGuid = {764C966F-B483-4BA9-AE71-D1D8C0D99838}
	EndGlobalSection
EndGlobal
